
Microsoft Visual Studio Solution File, Format Version 12.00
# Visual Studio Version 17
VisualStudioVersion = 17.14.36511.14
MinimumVisualStudioVersion = 10.0.40219.1
Project("{FAE04EC0-301F-11D3-BF4B-00C04F79EFBC}") = "EquipService", "EquipService\EquipService.csproj", "{860FD4D6-6F26-490C-A86F-91B07FC0F759}"
EndProject
Project("{FAE04EC0-301F-11D3-BF4B-00C04F79EFBC}") = "AuthService", "AuthService\AuthService.csproj", "{6CDAB7B3-DE4F-6FF5-06F0-D824F083F1AF}"
EndProject
Project("{FAE04EC0-301F-11D3-BF4B-00C04F79EFBC}") = "RequestService", "RequestService\RequestService.csproj", "{7AB0785E-7E8B-4502-BE26-84C92BACFFD8}"
EndProject
Global
	GlobalSection(SolutionConfigurationPlatforms) = preSolution
		Debug|Any CPU = Debug|Any CPU
		Release|Any CPU = Release|Any CPU
	EndGlobalSection
	GlobalSection(ProjectConfigurationPlatforms) = postSolution
		{860FD4D6-6F26-490C-A86F-91B07FC0F759}.Debug|Any CPU.ActiveCfg = Debug|Any CPU
		{860FD4D6-6F26-490C-A86F-91B07FC0F759}.Debug|Any CPU.Build.0 = Debug|Any CPU
		{860FD4D6-6F26-490C-A86F-91B07FC0F759}.Release|Any CPU.ActiveCfg = Release|Any CPU
		{860FD4D6-6F26-490C-A86F-91B07FC0F759}.Release|Any CPU.Build.0 = Release|Any CPU
		{6CDAB7B3-DE4F-6FF5-06F0-D824F083F1AF}.Debug|Any CPU.ActiveCfg = Debug|Any CPU
		{6CDAB7B3-DE4F-6FF5-06F0-D824F083F1AF}.Debug|Any CPU.Build.0 = Debug|Any CPU
		{6CDAB7B3-DE4F-6FF5-06F0-D824F083F1AF}.Release|Any CPU.ActiveCfg = Release|Any CPU
		{6CDAB7B3-DE4F-6FF5-06F0-D824F083F1AF}.Release|Any CPU.Build.0 = Release|Any CPU
		{7AB0785E-7E8B-4502-BE26-84C92BACFFD8}.Debug|Any CPU.ActiveCfg = Debug|Any CPU
		{7AB0785E-7E8B-4502-BE26-84C92BACFFD8}.Debug|Any CPU.Build.0 = Debug|Any CPU
		{7AB0785E-7E8B-4502-BE26-84C92BACFFD8}.Release|Any CPU.ActiveCfg = Release|Any CPU
		{7AB0785E-7E8B-4502-BE26-84C92BACFFD8}.Release|Any CPU.Build.0 = Release|Any CPU
	EndGlobalSection
	GlobalSection(SolutionProperties) = preSolution
		HideSolutionNode = FALSE
	EndGlobalSection
	GlobalSection(ExtensibilityGlobals) = postSolution
		SolutionGuid = {5BE40C57-E139-4FFB-BFC8-1F857E6C0D3B}
	EndGlobalSection
EndGlobal
